
Microsoft Visual Studio Solution File, Format Version 12.00
# Visual Studio Version 17
VisualStudioVersion = 17.13.35825.156
MinimumVisualStudioVersion = 10.0.40219.1
Project("{FAE04EC0-301F-11D3-BF4B-00C04F79EFBC}") = "SideHub", "SideHub.csproj", "{C8F90A94-0D96-4F94-9F66-91E0EC5141B2}"
EndProject
Global
	GlobalSection(SolutionConfigurationPlatforms) = preSolution
		Debug|Any CPU = Debug|Any CPU
		Release|Any CPU = Release|Any CPU
	EndGlobalSection
	GlobalSection(ProjectConfigurationPlatforms) = postSolution
		{C8F90A94-0D96-4F94-9F66-91E0EC5141B2}.Debug|Any CPU.ActiveCfg = Debug|Any CPU
		{C8F90A94-0D96-4F94-9F66-91E0EC5141B2}.Debug|Any CPU.Build.0 = Debug|Any CPU
		{C8F90A94-0D96-4F94-9F66-91E0EC5141B2}.Release|Any CPU.ActiveCfg = Release|Any CPU
		{C8F90A94-0D96-4F94-9F66-91E0EC5141B2}.Release|Any CPU.Build.0 = Release|Any CPU
	EndGlobalSection
	GlobalSection(SolutionProperties) = preSolution
		HideSolutionNode = FALSE
	EndGlobalSection
	GlobalSection(ExtensibilityGlobals) = postSolution
		SolutionGuid = {044F9A30-09C4-4FCA-8D7E-1864A66ED86E}
	EndGlobalSection
EndGlobal
